
Microsoft Visual Studio Solution File, Format Version 11.00
# Visual Studio 2010
Project("{FAE04EC0-301F-11D3-BF4B-00C04F79EFBC}") = "Rappers.DaData", "Rappers.DaData\Rappers.DaData.csproj", "{091E0F05-6F9E-440A-88A7-ECB3640FBF2A}"
EndProject
Project("{FAE04EC0-301F-11D3-BF4B-00C04F79EFBC}") = "Rappers.Baseline", "Rappers.Baseline\Rappers.Baseline.csproj", "{0F49D2D9-7333-4BDD-A461-A39F315AD2F0}"
EndProject
Project("{FAE04EC0-301F-11D3-BF4B-00C04F79EFBC}") = "Rappers.HipHop", "Rappers.HipHop\Rappers.HipHop.csproj", "{474A872C-27C7-43A7-A581-D6A7344199A4}"
EndProject
Project("{FAE04EC0-301F-11D3-BF4B-00C04F79EFBC}") = "Rappers.Tests", "Rappers.Tests\Rappers.Tests.csproj", "{27B04F7E-A3B0-4A83-9805-1129FF9A3D0C}"
EndProject
Project("{FAE04EC0-301F-11D3-BF4B-00C04F79EFBC}") = "Rappers.Frontend", "Rappers.Frontend\Rappers.Frontend.csproj", "{077DC354-9E51-4EC4-A16F-1CE6F12B3981}"
EndProject
Global
	GlobalSection(SolutionConfigurationPlatforms) = preSolution
		Debug|Any CPU = Debug|Any CPU
		Release|Any CPU = Release|Any CPU
	EndGlobalSection
	GlobalSection(ProjectConfigurationPlatforms) = postSolution
		{091E0F05-6F9E-440A-88A7-ECB3640FBF2A}.Debug|Any CPU.ActiveCfg = Debug|Any CPU
		{091E0F05-6F9E-440A-88A7-ECB3640FBF2A}.Debug|Any CPU.Build.0 = Debug|Any CPU
		{091E0F05-6F9E-440A-88A7-ECB3640FBF2A}.Release|Any CPU.ActiveCfg = Release|Any CPU
		{091E0F05-6F9E-440A-88A7-ECB3640FBF2A}.Release|Any CPU.Build.0 = Release|Any CPU
		{0F49D2D9-7333-4BDD-A461-A39F315AD2F0}.Debug|Any CPU.ActiveCfg = Debug|Any CPU
		{0F49D2D9-7333-4BDD-A461-A39F315AD2F0}.Debug|Any CPU.Build.0 = Debug|Any CPU
		{0F49D2D9-7333-4BDD-A461-A39F315AD2F0}.Release|Any CPU.ActiveCfg = Release|Any CPU
		{0F49D2D9-7333-4BDD-A461-A39F315AD2F0}.Release|Any CPU.Build.0 = Release|Any CPU
		{474A872C-27C7-43A7-A581-D6A7344199A4}.Debug|Any CPU.ActiveCfg = Debug|Any CPU
		{474A872C-27C7-43A7-A581-D6A7344199A4}.Debug|Any CPU.Build.0 = Debug|Any CPU
		{474A872C-27C7-43A7-A581-D6A7344199A4}.Release|Any CPU.ActiveCfg = Release|Any CPU
		{474A872C-27C7-43A7-A581-D6A7344199A4}.Release|Any CPU.Build.0 = Release|Any CPU
		{27B04F7E-A3B0-4A83-9805-1129FF9A3D0C}.Debug|Any CPU.ActiveCfg = Debug|Any CPU
		{27B04F7E-A3B0-4A83-9805-1129FF9A3D0C}.Debug|Any CPU.Build.0 = Debug|Any CPU
		{27B04F7E-A3B0-4A83-9805-1129FF9A3D0C}.Release|Any CPU.ActiveCfg = Release|Any CPU
		{27B04F7E-A3B0-4A83-9805-1129FF9A3D0C}.Release|Any CPU.Build.0 = Release|Any CPU
		{077DC354-9E51-4EC4-A16F-1CE6F12B3981}.Debug|Any CPU.ActiveCfg = Debug|Any CPU
		{077DC354-9E51-4EC4-A16F-1CE6F12B3981}.Debug|Any CPU.Build.0 = Debug|Any CPU
		{077DC354-9E51-4EC4-A16F-1CE6F12B3981}.Release|Any CPU.ActiveCfg = Release|Any CPU
		{077DC354-9E51-4EC4-A16F-1CE6F12B3981}.Release|Any CPU.Build.0 = Release|Any CPU
	EndGlobalSection
	GlobalSection(SolutionProperties) = preSolution
		HideSolutionNode = FALSE
	EndGlobalSection
EndGlobal
